
Microsoft Visual Studio Solution File, Format Version 12.00
# Visual Studio 15
VisualStudioVersion = 15.0.26124.0
MinimumVisualStudioVersion = 15.0.26124.0
Project("{F2A71F9B-5D33-465A-A702-920D77279786}") = "npc", "npc\npc.fsproj", "{73095D9D-B1AC-43F8-9575-318817006B06}"
EndProject
Project("{F2A71F9B-5D33-465A-A702-920D77279786}") = "npcconsole", "npcconsole\npcconsole.fsproj", "{C0F43CBB-6BC4-4EC4-86B5-987E0EB78710}"
EndProject
Project("{F2A71F9B-5D33-465A-A702-920D77279786}") = "npcsrv", "npcsrv\npcsrv.fsproj", "{7B3957DA-50C7-4200-8FEF-5C446799CD19}"
EndProject
Project("{F2A71F9B-5D33-465A-A702-920D77279786}") = "StringExpression", "StringExpression\StringExpression.fsproj", "{AF2EADB3-AC62-4C23-AE66-C44D4F919F3C}"
EndProject
Project("{F2A71F9B-5D33-465A-A702-920D77279786}") = "StringExpression.Tests", "StringExpression.Tests\StringExpression.Tests.fsproj", "{ED84E0FC-7908-4EB1-BCA7-6E624A593512}"
EndProject
Project("{F2A71F9B-5D33-465A-A702-920D77279786}") = "npc.Tests", "npc.Tests\npc.Tests.fsproj", "{BEE8FFD2-4EDA-43E4-9CC0-D091C2417FB7}"
EndProject
Project("{FAE04EC0-301F-11D3-BF4B-00C04F79EFBC}") = "npcblas", "npcblas\npcblas.csproj", "{8CA97344-2783-428F-9E82-234C2FC17AFE}"
EndProject
Global
	GlobalSection(SolutionConfigurationPlatforms) = preSolution
		Debug|Any CPU = Debug|Any CPU
		Debug|x64 = Debug|x64
		Debug|x86 = Debug|x86
		Release|Any CPU = Release|Any CPU
		Release|x64 = Release|x64
		Release|x86 = Release|x86
	EndGlobalSection
	GlobalSection(SolutionProperties) = preSolution
		HideSolutionNode = FALSE
	EndGlobalSection
	GlobalSection(ProjectConfigurationPlatforms) = postSolution
		{73095D9D-B1AC-43F8-9575-318817006B06}.Debug|Any CPU.ActiveCfg = Debug|Any CPU
		{73095D9D-B1AC-43F8-9575-318817006B06}.Debug|Any CPU.Build.0 = Debug|Any CPU
		{73095D9D-B1AC-43F8-9575-318817006B06}.Debug|x64.ActiveCfg = Debug|Any CPU
		{73095D9D-B1AC-43F8-9575-318817006B06}.Debug|x64.Build.0 = Debug|Any CPU
		{73095D9D-B1AC-43F8-9575-318817006B06}.Debug|x86.ActiveCfg = Debug|Any CPU
		{73095D9D-B1AC-43F8-9575-318817006B06}.Debug|x86.Build.0 = Debug|Any CPU
		{73095D9D-B1AC-43F8-9575-318817006B06}.Release|Any CPU.ActiveCfg = Release|Any CPU
		{73095D9D-B1AC-43F8-9575-318817006B06}.Release|Any CPU.Build.0 = Release|Any CPU
		{73095D9D-B1AC-43F8-9575-318817006B06}.Release|x64.ActiveCfg = Release|Any CPU
		{73095D9D-B1AC-43F8-9575-318817006B06}.Release|x64.Build.0 = Release|Any CPU
		{73095D9D-B1AC-43F8-9575-318817006B06}.Release|x86.ActiveCfg = Release|Any CPU
		{73095D9D-B1AC-43F8-9575-318817006B06}.Release|x86.Build.0 = Release|Any CPU
		{C0F43CBB-6BC4-4EC4-86B5-987E0EB78710}.Debug|Any CPU.ActiveCfg = Debug|Any CPU
		{C0F43CBB-6BC4-4EC4-86B5-987E0EB78710}.Debug|Any CPU.Build.0 = Debug|Any CPU
		{C0F43CBB-6BC4-4EC4-86B5-987E0EB78710}.Debug|x64.ActiveCfg = Debug|Any CPU
		{C0F43CBB-6BC4-4EC4-86B5-987E0EB78710}.Debug|x64.Build.0 = Debug|Any CPU
		{C0F43CBB-6BC4-4EC4-86B5-987E0EB78710}.Debug|x86.ActiveCfg = Debug|Any CPU
		{C0F43CBB-6BC4-4EC4-86B5-987E0EB78710}.Debug|x86.Build.0 = Debug|Any CPU
		{C0F43CBB-6BC4-4EC4-86B5-987E0EB78710}.Release|Any CPU.ActiveCfg = Release|Any CPU
		{C0F43CBB-6BC4-4EC4-86B5-987E0EB78710}.Release|Any CPU.Build.0 = Release|Any CPU
		{C0F43CBB-6BC4-4EC4-86B5-987E0EB78710}.Release|x64.ActiveCfg = Release|Any CPU
		{C0F43CBB-6BC4-4EC4-86B5-987E0EB78710}.Release|x64.Build.0 = Release|Any CPU
		{C0F43CBB-6BC4-4EC4-86B5-987E0EB78710}.Release|x86.ActiveCfg = Release|Any CPU
		{C0F43CBB-6BC4-4EC4-86B5-987E0EB78710}.Release|x86.Build.0 = Release|Any CPU
		{7B3957DA-50C7-4200-8FEF-5C446799CD19}.Debug|Any CPU.ActiveCfg = Debug|Any CPU
		{7B3957DA-50C7-4200-8FEF-5C446799CD19}.Debug|Any CPU.Build.0 = Debug|Any CPU
		{7B3957DA-50C7-4200-8FEF-5C446799CD19}.Debug|x64.ActiveCfg = Debug|Any CPU
		{7B3957DA-50C7-4200-8FEF-5C446799CD19}.Debug|x64.Build.0 = Debug|Any CPU
		{7B3957DA-50C7-4200-8FEF-5C446799CD19}.Debug|x86.ActiveCfg = Debug|Any CPU
		{7B3957DA-50C7-4200-8FEF-5C446799CD19}.Debug|x86.Build.0 = Debug|Any CPU
		{7B3957DA-50C7-4200-8FEF-5C446799CD19}.Release|Any CPU.ActiveCfg = Release|Any CPU
		{7B3957DA-50C7-4200-8FEF-5C446799CD19}.Release|Any CPU.Build.0 = Release|Any CPU
		{7B3957DA-50C7-4200-8FEF-5C446799CD19}.Release|x64.ActiveCfg = Release|Any CPU
		{7B3957DA-50C7-4200-8FEF-5C446799CD19}.Release|x64.Build.0 = Release|Any CPU
		{7B3957DA-50C7-4200-8FEF-5C446799CD19}.Release|x86.ActiveCfg = Release|Any CPU
		{7B3957DA-50C7-4200-8FEF-5C446799CD19}.Release|x86.Build.0 = Release|Any CPU
		{AF2EADB3-AC62-4C23-AE66-C44D4F919F3C}.Debug|Any CPU.ActiveCfg = Debug|Any CPU
		{AF2EADB3-AC62-4C23-AE66-C44D4F919F3C}.Debug|Any CPU.Build.0 = Debug|Any CPU
		{AF2EADB3-AC62-4C23-AE66-C44D4F919F3C}.Debug|x64.ActiveCfg = Debug|Any CPU
		{AF2EADB3-AC62-4C23-AE66-C44D4F919F3C}.Debug|x64.Build.0 = Debug|Any CPU
		{AF2EADB3-AC62-4C23-AE66-C44D4F919F3C}.Debug|x86.ActiveCfg = Debug|Any CPU
		{AF2EADB3-AC62-4C23-AE66-C44D4F919F3C}.Debug|x86.Build.0 = Debug|Any CPU
		{AF2EADB3-AC62-4C23-AE66-C44D4F919F3C}.Release|Any CPU.ActiveCfg = Release|Any CPU
		{AF2EADB3-AC62-4C23-AE66-C44D4F919F3C}.Release|Any CPU.Build.0 = Release|Any CPU
		{AF2EADB3-AC62-4C23-AE66-C44D4F919F3C}.Release|x64.ActiveCfg = Release|Any CPU
		{AF2EADB3-AC62-4C23-AE66-C44D4F919F3C}.Release|x64.Build.0 = Release|Any CPU
		{AF2EADB3-AC62-4C23-AE66-C44D4F919F3C}.Release|x86.ActiveCfg = Release|Any CPU
		{AF2EADB3-AC62-4C23-AE66-C44D4F919F3C}.Release|x86.Build.0 = Release|Any CPU
		{ED84E0FC-7908-4EB1-BCA7-6E624A593512}.Debug|Any CPU.ActiveCfg = Debug|Any CPU
		{ED84E0FC-7908-4EB1-BCA7-6E624A593512}.Debug|Any CPU.Build.0 = Debug|Any CPU
		{ED84E0FC-7908-4EB1-BCA7-6E624A593512}.Debug|x64.ActiveCfg = Debug|Any CPU
		{ED84E0FC-7908-4EB1-BCA7-6E624A593512}.Debug|x64.Build.0 = Debug|Any CPU
		{ED84E0FC-7908-4EB1-BCA7-6E624A593512}.Debug|x86.ActiveCfg = Debug|Any CPU
		{ED84E0FC-7908-4EB1-BCA7-6E624A593512}.Debug|x86.Build.0 = Debug|Any CPU
		{ED84E0FC-7908-4EB1-BCA7-6E624A593512}.Release|Any CPU.ActiveCfg = Release|Any CPU
		{ED84E0FC-7908-4EB1-BCA7-6E624A593512}.Release|Any CPU.Build.0 = Release|Any CPU
		{ED84E0FC-7908-4EB1-BCA7-6E624A593512}.Release|x64.ActiveCfg = Release|Any CPU
		{ED84E0FC-7908-4EB1-BCA7-6E624A593512}.Release|x64.Build.0 = Release|Any CPU
		{ED84E0FC-7908-4EB1-BCA7-6E624A593512}.Release|x86.ActiveCfg = Release|Any CPU
		{ED84E0FC-7908-4EB1-BCA7-6E624A593512}.Release|x86.Build.0 = Release|Any CPU
		{BEE8FFD2-4EDA-43E4-9CC0-D091C2417FB7}.Debug|Any CPU.ActiveCfg = Debug|Any CPU
		{BEE8FFD2-4EDA-43E4-9CC0-D091C2417FB7}.Debug|Any CPU.Build.0 = Debug|Any CPU
		{BEE8FFD2-4EDA-43E4-9CC0-D091C2417FB7}.Debug|x64.ActiveCfg = Debug|Any CPU
		{BEE8FFD2-4EDA-43E4-9CC0-D091C2417FB7}.Debug|x64.Build.0 = Debug|Any CPU
		{BEE8FFD2-4EDA-43E4-9CC0-D091C2417FB7}.Debug|x86.ActiveCfg = Debug|Any CPU
		{BEE8FFD2-4EDA-43E4-9CC0-D091C2417FB7}.Debug|x86.Build.0 = Debug|Any CPU
		{BEE8FFD2-4EDA-43E4-9CC0-D091C2417FB7}.Release|Any CPU.ActiveCfg = Release|Any CPU
		{BEE8FFD2-4EDA-43E4-9CC0-D091C2417FB7}.Release|Any CPU.Build.0 = Release|Any CPU
		{BEE8FFD2-4EDA-43E4-9CC0-D091C2417FB7}.Release|x64.ActiveCfg = Release|Any CPU
		{BEE8FFD2-4EDA-43E4-9CC0-D091C2417FB7}.Release|x64.Build.0 = Release|Any CPU
		{BEE8FFD2-4EDA-43E4-9CC0-D091C2417FB7}.Release|x86.ActiveCfg = Release|Any CPU
		{BEE8FFD2-4EDA-43E4-9CC0-D091C2417FB7}.Release|x86.Build.0 = Release|Any CPU
		{8CA97344-2783-428F-9E82-234C2FC17AFE}.Debug|Any CPU.ActiveCfg = Debug|Any CPU
		{8CA97344-2783-428F-9E82-234C2FC17AFE}.Debug|Any CPU.Build.0 = Debug|Any CPU
		{8CA97344-2783-428F-9E82-234C2FC17AFE}.Debug|x64.ActiveCfg = Debug|Any CPU
		{8CA97344-2783-428F-9E82-234C2FC17AFE}.Debug|x64.Build.0 = Debug|Any CPU
		{8CA97344-2783-428F-9E82-234C2FC17AFE}.Debug|x86.ActiveCfg = Debug|Any CPU
		{8CA97344-2783-428F-9E82-234C2FC17AFE}.Debug|x86.Build.0 = Debug|Any CPU
		{8CA97344-2783-428F-9E82-234C2FC17AFE}.Release|Any CPU.ActiveCfg = Release|Any CPU
		{8CA97344-2783-428F-9E82-234C2FC17AFE}.Release|Any CPU.Build.0 = Release|Any CPU
		{8CA97344-2783-428F-9E82-234C2FC17AFE}.Release|x64.ActiveCfg = Release|Any CPU
		{8CA97344-2783-428F-9E82-234C2FC17AFE}.Release|x64.Build.0 = Release|Any CPU
		{8CA97344-2783-428F-9E82-234C2FC17AFE}.Release|x86.ActiveCfg = Release|Any CPU
		{8CA97344-2783-428F-9E82-234C2FC17AFE}.Release|x86.Build.0 = Release|Any CPU
	EndGlobalSection
EndGlobal
